
Microsoft Visual Studio Solution File, Format Version 12.00
# Visual Studio 2013
VisualStudioVersion = 12.0.31101.0
MinimumVisualStudioVersion = 10.0.40219.1
Project("{2150E333-8FDC-42A3-9474-1A3956D46DE8}") = "Dependencies", "Dependencies", "{19805CEC-7C7D-48D6-A8E3-458B65314AE5}"
EndProject
Project("{FAE04EC0-301F-11D3-BF4B-00C04F79EFBC}") = "JurassicGraphs", "JurassicGraphs\JurassicGraphs.csproj", "{B84C5392-CA7E-4F8A-A406-A55E31C1B04A}"
EndProject
Project("{2150E333-8FDC-42A3-9474-1A3956D46DE8}") = "UnitTests", "UnitTests", "{F04E072E-AEE3-4B86-B99A-B6DDD37866B3}"
EndProject
Project("{2150E333-8FDC-42A3-9474-1A3956D46DE8}") = "Dependencies", "Dependencies", "{C559E90E-3B03-42CD-9B4C-6935B6986644}"
EndProject
Project("{FAE04EC0-301F-11D3-BF4B-00C04F79EFBC}") = "Balder", "Balder\Balder.csproj", "{D2B4E7C7-0524-4DE5-9D62-2DE05682A74D}"
EndProject
Project("{FAE04EC0-301F-11D3-BF4B-00C04F79EFBC}") = "Eunomia", "..\Eunomia\Eunomia\Eunomia.csproj", "{1DF1A588-33B1-4168-9487-604FE5680681}"
EndProject
Project("{FAE04EC0-301F-11D3-BF4B-00C04F79EFBC}") = "Styx.NET4.5", "..\Styx\Styx.NET4.5\Styx.NET4.5.csproj", "{AF76ECC0-2CA5-4CFF-9E1E-FF5478C4B6E4}"
EndProject
Project("{FAE04EC0-301F-11D3-BF4B-00C04F79EFBC}") = "Styx", "..\Styx\Styx\Styx.csproj", "{3949790D-8591-4101-9E4D-CE7A758E7409}"
EndProject
Project("{FAE04EC0-301F-11D3-BF4B-00C04F79EFBC}") = "StyxTests", "..\Styx\StyxTests\StyxTests.csproj", "{6F2452F5-BF16-4577-9C5A-85C8D7B5289D}"
EndProject
Project("{FAE04EC0-301F-11D3-BF4B-00C04F79EFBC}") = "CommonsTests", "..\Illias\CommonsTests\CommonsTests.csproj", "{02A5F706-A9AC-46BE-A428-EA6F990D8E21}"
EndProject
Project("{FAE04EC0-301F-11D3-BF4B-00C04F79EFBC}") = "Jurassic", "..\Jurassic\Jurassic\Jurassic.csproj", "{9B109B9C-4B72-4BDB-B531-627D7E93011E}"
EndProject
Project("{FAE04EC0-301F-11D3-BF4B-00C04F79EFBC}") = "BalderGraphs", "BalderGraphs\BalderGraphs.csproj", "{562AC94F-60EA-4911-8C62-684F02867783}"
EndProject
Project("{FAE04EC0-301F-11D3-BF4B-00C04F79EFBC}") = "Illias", "..\Illias\Illias\Illias.csproj", "{E156F18D-D41C-4529-9BCC-9962E6EE25DA}"
EndProject
Project("{FAE04EC0-301F-11D3-BF4B-00C04F79EFBC}") = "Illias.NET4.5", "..\Illias\Illias.NET4.5\Illias.NET4.5.csproj", "{23D37453-2D4E-4BD8-B40F-3E731FEE7712}"
EndProject
Project("{FAE04EC0-301F-11D3-BF4B-00C04F79EFBC}") = "GeometryTests", "..\Illias\GeometryTests\GeometryTests.csproj", "{C461823B-E5CA-4AB1-91A6-8DE8A4AEB157}"
EndProject
Project("{FAE04EC0-301F-11D3-BF4B-00C04F79EFBC}") = "BalderTestApp", "BalderTestApp\BalderTestApp.csproj", "{E0A61F37-7392-4E9F-8D13-079F7B641407}"
EndProject
Global
	GlobalSection(SolutionConfigurationPlatforms) = preSolution
		Debug|Any CPU = Debug|Any CPU
		Debug|Mixed Platforms = Debug|Mixed Platforms
		Debug|x86 = Debug|x86
		Release|Any CPU = Release|Any CPU
		Release|Mixed Platforms = Release|Mixed Platforms
		Release|x86 = Release|x86
	EndGlobalSection
	GlobalSection(ProjectConfigurationPlatforms) = postSolution
		{B84C5392-CA7E-4F8A-A406-A55E31C1B04A}.Debug|Any CPU.ActiveCfg = Debug|Any CPU
		{B84C5392-CA7E-4F8A-A406-A55E31C1B04A}.Debug|Any CPU.Build.0 = Debug|Any CPU
		{B84C5392-CA7E-4F8A-A406-A55E31C1B04A}.Debug|Mixed Platforms.ActiveCfg = Debug|Any CPU
		{B84C5392-CA7E-4F8A-A406-A55E31C1B04A}.Debug|Mixed Platforms.Build.0 = Debug|Any CPU
		{B84C5392-CA7E-4F8A-A406-A55E31C1B04A}.Debug|x86.ActiveCfg = Debug|Any CPU
		{B84C5392-CA7E-4F8A-A406-A55E31C1B04A}.Release|Any CPU.ActiveCfg = Release|Any CPU
		{B84C5392-CA7E-4F8A-A406-A55E31C1B04A}.Release|Any CPU.Build.0 = Release|Any CPU
		{B84C5392-CA7E-4F8A-A406-A55E31C1B04A}.Release|Mixed Platforms.ActiveCfg = Release|Any CPU
		{B84C5392-CA7E-4F8A-A406-A55E31C1B04A}.Release|Mixed Platforms.Build.0 = Release|Any CPU
		{B84C5392-CA7E-4F8A-A406-A55E31C1B04A}.Release|x86.ActiveCfg = Release|Any CPU
		{D2B4E7C7-0524-4DE5-9D62-2DE05682A74D}.Debug|Any CPU.ActiveCfg = Debug|Any CPU
		{D2B4E7C7-0524-4DE5-9D62-2DE05682A74D}.Debug|Any CPU.Build.0 = Debug|Any CPU
		{D2B4E7C7-0524-4DE5-9D62-2DE05682A74D}.Debug|Mixed Platforms.ActiveCfg = Debug|Any CPU
		{D2B4E7C7-0524-4DE5-9D62-2DE05682A74D}.Debug|Mixed Platforms.Build.0 = Debug|Any CPU
		{D2B4E7C7-0524-4DE5-9D62-2DE05682A74D}.Debug|x86.ActiveCfg = Debug|Any CPU
		{D2B4E7C7-0524-4DE5-9D62-2DE05682A74D}.Release|Any CPU.ActiveCfg = Release|Any CPU
		{D2B4E7C7-0524-4DE5-9D62-2DE05682A74D}.Release|Any CPU.Build.0 = Release|Any CPU
		{D2B4E7C7-0524-4DE5-9D62-2DE05682A74D}.Release|Mixed Platforms.ActiveCfg = Release|Any CPU
		{D2B4E7C7-0524-4DE5-9D62-2DE05682A74D}.Release|Mixed Platforms.Build.0 = Release|Any CPU
		{D2B4E7C7-0524-4DE5-9D62-2DE05682A74D}.Release|x86.ActiveCfg = Release|Any CPU
		{1DF1A588-33B1-4168-9487-604FE5680681}.Debug|Any CPU.ActiveCfg = Debug|Any CPU
		{1DF1A588-33B1-4168-9487-604FE5680681}.Debug|Any CPU.Build.0 = Debug|Any CPU
		{1DF1A588-33B1-4168-9487-604FE5680681}.Debug|Mixed Platforms.ActiveCfg = Debug|Any CPU
		{1DF1A588-33B1-4168-9487-604FE5680681}.Debug|Mixed Platforms.Build.0 = Debug|Any CPU
		{1DF1A588-33B1-4168-9487-604FE5680681}.Debug|x86.ActiveCfg = Debug|Any CPU
		{1DF1A588-33B1-4168-9487-604FE5680681}.Release|Any CPU.ActiveCfg = Release|Any CPU
		{1DF1A588-33B1-4168-9487-604FE5680681}.Release|Any CPU.Build.0 = Release|Any CPU
		{1DF1A588-33B1-4168-9487-604FE5680681}.Release|Mixed Platforms.ActiveCfg = Release|Any CPU
		{1DF1A588-33B1-4168-9487-604FE5680681}.Release|Mixed Platforms.Build.0 = Release|Any CPU
		{1DF1A588-33B1-4168-9487-604FE5680681}.Release|x86.ActiveCfg = Release|Any CPU
		{AF76ECC0-2CA5-4CFF-9E1E-FF5478C4B6E4}.Debug|Any CPU.ActiveCfg = Debug|Any CPU
		{AF76ECC0-2CA5-4CFF-9E1E-FF5478C4B6E4}.Debug|Any CPU.Build.0 = Debug|Any CPU
		{AF76ECC0-2CA5-4CFF-9E1E-FF5478C4B6E4}.Debug|Mixed Platforms.ActiveCfg = Debug|Any CPU
		{AF76ECC0-2CA5-4CFF-9E1E-FF5478C4B6E4}.Debug|Mixed Platforms.Build.0 = Debug|Any CPU
		{AF76ECC0-2CA5-4CFF-9E1E-FF5478C4B6E4}.Debug|x86.ActiveCfg = Debug|Any CPU
		{AF76ECC0-2CA5-4CFF-9E1E-FF5478C4B6E4}.Release|Any CPU.ActiveCfg = Release|Any CPU
		{AF76ECC0-2CA5-4CFF-9E1E-FF5478C4B6E4}.Release|Any CPU.Build.0 = Release|Any CPU
		{AF76ECC0-2CA5-4CFF-9E1E-FF5478C4B6E4}.Release|Mixed Platforms.ActiveCfg = Release|Any CPU
		{AF76ECC0-2CA5-4CFF-9E1E-FF5478C4B6E4}.Release|Mixed Platforms.Build.0 = Release|Any CPU
		{AF76ECC0-2CA5-4CFF-9E1E-FF5478C4B6E4}.Release|x86.ActiveCfg = Release|Any CPU
		{3949790D-8591-4101-9E4D-CE7A758E7409}.Debug|Any CPU.ActiveCfg = Debug|Any CPU
		{3949790D-8591-4101-9E4D-CE7A758E7409}.Debug|Any CPU.Build.0 = Debug|Any CPU
		{3949790D-8591-4101-9E4D-CE7A758E7409}.Debug|Mixed Platforms.ActiveCfg = Debug|Any CPU
		{3949790D-8591-4101-9E4D-CE7A758E7409}.Debug|Mixed Platforms.Build.0 = Debug|Any CPU
		{3949790D-8591-4101-9E4D-CE7A758E7409}.Debug|x86.ActiveCfg = Debug|Any CPU
		{3949790D-8591-4101-9E4D-CE7A758E7409}.Release|Any CPU.ActiveCfg = Release|Any CPU
		{3949790D-8591-4101-9E4D-CE7A758E7409}.Release|Any CPU.Build.0 = Release|Any CPU
		{3949790D-8591-4101-9E4D-CE7A758E7409}.Release|Mixed Platforms.ActiveCfg = Release|Any CPU
		{3949790D-8591-4101-9E4D-CE7A758E7409}.Release|Mixed Platforms.Build.0 = Release|Any CPU
		{3949790D-8591-4101-9E4D-CE7A758E7409}.Release|x86.ActiveCfg = Release|Any CPU
		{6F2452F5-BF16-4577-9C5A-85C8D7B5289D}.Debug|Any CPU.ActiveCfg = Debug|Any CPU
		{6F2452F5-BF16-4577-9C5A-85C8D7B5289D}.Debug|Any CPU.Build.0 = Debug|Any CPU
		{6F2452F5-BF16-4577-9C5A-85C8D7B5289D}.Debug|Mixed Platforms.ActiveCfg = Debug|Any CPU
		{6F2452F5-BF16-4577-9C5A-85C8D7B5289D}.Debug|Mixed Platforms.Build.0 = Debug|Any CPU
		{6F2452F5-BF16-4577-9C5A-85C8D7B5289D}.Debug|x86.ActiveCfg = Debug|Any CPU
		{6F2452F5-BF16-4577-9C5A-85C8D7B5289D}.Release|Any CPU.ActiveCfg = Release|Any CPU
		{6F2452F5-BF16-4577-9C5A-85C8D7B5289D}.Release|Any CPU.Build.0 = Release|Any CPU
		{6F2452F5-BF16-4577-9C5A-85C8D7B5289D}.Release|Mixed Platforms.ActiveCfg = Release|Any CPU
		{6F2452F5-BF16-4577-9C5A-85C8D7B5289D}.Release|Mixed Platforms.Build.0 = Release|Any CPU
		{6F2452F5-BF16-4577-9C5A-85C8D7B5289D}.Release|x86.ActiveCfg = Release|Any CPU
		{02A5F706-A9AC-46BE-A428-EA6F990D8E21}.Debug|Any CPU.ActiveCfg = Debug|Any CPU
		{02A5F706-A9AC-46BE-A428-EA6F990D8E21}.Debug|Any CPU.Build.0 = Debug|Any CPU
		{02A5F706-A9AC-46BE-A428-EA6F990D8E21}.Debug|Mixed Platforms.ActiveCfg = Debug|Any CPU
		{02A5F706-A9AC-46BE-A428-EA6F990D8E21}.Debug|Mixed Platforms.Build.0 = Debug|Any CPU
		{02A5F706-A9AC-46BE-A428-EA6F990D8E21}.Debug|x86.ActiveCfg = Debug|Any CPU
		{02A5F706-A9AC-46BE-A428-EA6F990D8E21}.Release|Any CPU.ActiveCfg = Release|Any CPU
		{02A5F706-A9AC-46BE-A428-EA6F990D8E21}.Release|Any CPU.Build.0 = Release|Any CPU
		{02A5F706-A9AC-46BE-A428-EA6F990D8E21}.Release|Mixed Platforms.ActiveCfg = Release|Any CPU
		{02A5F706-A9AC-46BE-A428-EA6F990D8E21}.Release|Mixed Platforms.Build.0 = Release|Any CPU
		{02A5F706-A9AC-46BE-A428-EA6F990D8E21}.Release|x86.ActiveCfg = Release|Any CPU
		{9B109B9C-4B72-4BDB-B531-627D7E93011E}.Debug|Any CPU.ActiveCfg = Debug|Any CPU
		{9B109B9C-4B72-4BDB-B531-627D7E93011E}.Debug|Any CPU.Build.0 = Debug|Any CPU
		{9B109B9C-4B72-4BDB-B531-627D7E93011E}.Debug|Mixed Platforms.ActiveCfg = Debug|Any CPU
		{9B109B9C-4B72-4BDB-B531-627D7E93011E}.Debug|Mixed Platforms.Build.0 = Debug|Any CPU
		{9B109B9C-4B72-4BDB-B531-627D7E93011E}.Debug|x86.ActiveCfg = Debug|Any CPU
		{9B109B9C-4B72-4BDB-B531-627D7E93011E}.Release|Any CPU.ActiveCfg = Release|Any CPU
		{9B109B9C-4B72-4BDB-B531-627D7E93011E}.Release|Any CPU.Build.0 = Release|Any CPU
		{9B109B9C-4B72-4BDB-B531-627D7E93011E}.Release|Mixed Platforms.ActiveCfg = Release|Any CPU
		{9B109B9C-4B72-4BDB-B531-627D7E93011E}.Release|Mixed Platforms.Build.0 = Release|Any CPU
		{9B109B9C-4B72-4BDB-B531-627D7E93011E}.Release|x86.ActiveCfg = Release|Any CPU
		{562AC94F-60EA-4911-8C62-684F02867783}.Debug|Any CPU.ActiveCfg = Debug|Any CPU
		{562AC94F-60EA-4911-8C62-684F02867783}.Debug|Any CPU.Build.0 = Debug|Any CPU
		{562AC94F-60EA-4911-8C62-684F02867783}.Debug|Mixed Platforms.ActiveCfg = Debug|Any CPU
		{562AC94F-60EA-4911-8C62-684F02867783}.Debug|Mixed Platforms.Build.0 = Debug|Any CPU
		{562AC94F-60EA-4911-8C62-684F02867783}.Debug|x86.ActiveCfg = Debug|Any CPU
		{562AC94F-60EA-4911-8C62-684F02867783}.Release|Any CPU.ActiveCfg = Release|Any CPU
		{562AC94F-60EA-4911-8C62-684F02867783}.Release|Any CPU.Build.0 = Release|Any CPU
		{562AC94F-60EA-4911-8C62-684F02867783}.Release|Mixed Platforms.ActiveCfg = Release|Any CPU
		{562AC94F-60EA-4911-8C62-684F02867783}.Release|Mixed Platforms.Build.0 = Release|Any CPU
		{562AC94F-60EA-4911-8C62-684F02867783}.Release|x86.ActiveCfg = Release|Any CPU
		{E156F18D-D41C-4529-9BCC-9962E6EE25DA}.Debug|Any CPU.ActiveCfg = Debug|Any CPU
		{E156F18D-D41C-4529-9BCC-9962E6EE25DA}.Debug|Any CPU.Build.0 = Debug|Any CPU
		{E156F18D-D41C-4529-9BCC-9962E6EE25DA}.Debug|Mixed Platforms.ActiveCfg = Debug|Any CPU
		{E156F18D-D41C-4529-9BCC-9962E6EE25DA}.Debug|Mixed Platforms.Build.0 = Debug|Any CPU
		{E156F18D-D41C-4529-9BCC-9962E6EE25DA}.Debug|x86.ActiveCfg = Debug|Any CPU
		{E156F18D-D41C-4529-9BCC-9962E6EE25DA}.Release|Any CPU.ActiveCfg = Release|Any CPU
		{E156F18D-D41C-4529-9BCC-9962E6EE25DA}.Release|Any CPU.Build.0 = Release|Any CPU
		{E156F18D-D41C-4529-9BCC-9962E6EE25DA}.Release|Mixed Platforms.ActiveCfg = Release|Any CPU
		{E156F18D-D41C-4529-9BCC-9962E6EE25DA}.Release|Mixed Platforms.Build.0 = Release|Any CPU
		{E156F18D-D41C-4529-9BCC-9962E6EE25DA}.Release|x86.ActiveCfg = Release|Any CPU
		{23D37453-2D4E-4BD8-B40F-3E731FEE7712}.Debug|Any CPU.ActiveCfg = Debug|Any CPU
		{23D37453-2D4E-4BD8-B40F-3E731FEE7712}.Debug|Any CPU.Build.0 = Debug|Any CPU
		{23D37453-2D4E-4BD8-B40F-3E731FEE7712}.Debug|Mixed Platforms.ActiveCfg = Debug|Any CPU
		{23D37453-2D4E-4BD8-B40F-3E731FEE7712}.Debug|Mixed Platforms.Build.0 = Debug|Any CPU
		{23D37453-2D4E-4BD8-B40F-3E731FEE7712}.Debug|x86.ActiveCfg = Debug|Any CPU
		{23D37453-2D4E-4BD8-B40F-3E731FEE7712}.Release|Any CPU.ActiveCfg = Release|Any CPU
		{23D37453-2D4E-4BD8-B40F-3E731FEE7712}.Release|Any CPU.Build.0 = Release|Any CPU
		{23D37453-2D4E-4BD8-B40F-3E731FEE7712}.Release|Mixed Platforms.ActiveCfg = Release|Any CPU
		{23D37453-2D4E-4BD8-B40F-3E731FEE7712}.Release|Mixed Platforms.Build.0 = Release|Any CPU
		{23D37453-2D4E-4BD8-B40F-3E731FEE7712}.Release|x86.ActiveCfg = Release|Any CPU
		{C461823B-E5CA-4AB1-91A6-8DE8A4AEB157}.Debug|Any CPU.ActiveCfg = Debug|Any CPU
		{C461823B-E5CA-4AB1-91A6-8DE8A4AEB157}.Debug|Any CPU.Build.0 = Debug|Any CPU
		{C461823B-E5CA-4AB1-91A6-8DE8A4AEB157}.Debug|Mixed Platforms.ActiveCfg = Debug|Any CPU
		{C461823B-E5CA-4AB1-91A6-8DE8A4AEB157}.Debug|Mixed Platforms.Build.0 = Debug|Any CPU
		{C461823B-E5CA-4AB1-91A6-8DE8A4AEB157}.Debug|x86.ActiveCfg = Debug|Any CPU
		{C461823B-E5CA-4AB1-91A6-8DE8A4AEB157}.Release|Any CPU.ActiveCfg = Release|Any CPU
		{C461823B-E5CA-4AB1-91A6-8DE8A4AEB157}.Release|Any CPU.Build.0 = Release|Any CPU
		{C461823B-E5CA-4AB1-91A6-8DE8A4AEB157}.Release|Mixed Platforms.ActiveCfg = Release|Any CPU
		{C461823B-E5CA-4AB1-91A6-8DE8A4AEB157}.Release|Mixed Platforms.Build.0 = Release|Any CPU
		{C461823B-E5CA-4AB1-91A6-8DE8A4AEB157}.Release|x86.ActiveCfg = Release|Any CPU
		{E0A61F37-7392-4E9F-8D13-079F7B641407}.Debug|Any CPU.ActiveCfg = Debug|Any CPU
		{E0A61F37-7392-4E9F-8D13-079F7B641407}.Debug|Any CPU.Build.0 = Debug|Any CPU
		{E0A61F37-7392-4E9F-8D13-079F7B641407}.Debug|Mixed Platforms.ActiveCfg = Debug|Any CPU
		{E0A61F37-7392-4E9F-8D13-079F7B641407}.Debug|Mixed Platforms.Build.0 = Debug|Any CPU
		{E0A61F37-7392-4E9F-8D13-079F7B641407}.Debug|x86.ActiveCfg = Debug|Any CPU
		{E0A61F37-7392-4E9F-8D13-079F7B641407}.Release|Any CPU.ActiveCfg = Release|Any CPU
		{E0A61F37-7392-4E9F-8D13-079F7B641407}.Release|Any CPU.Build.0 = Release|Any CPU
		{E0A61F37-7392-4E9F-8D13-079F7B641407}.Release|Mixed Platforms.ActiveCfg = Release|Any CPU
		{E0A61F37-7392-4E9F-8D13-079F7B641407}.Release|Mixed Platforms.Build.0 = Release|Any CPU
		{E0A61F37-7392-4E9F-8D13-079F7B641407}.Release|x86.ActiveCfg = Release|Any CPU
	EndGlobalSection
	GlobalSection(SolutionProperties) = preSolution
		HideSolutionNode = FALSE
	EndGlobalSection
	GlobalSection(NestedProjects) = preSolution
		{C559E90E-3B03-42CD-9B4C-6935B6986644} = {F04E072E-AEE3-4B86-B99A-B6DDD37866B3}
		{1DF1A588-33B1-4168-9487-604FE5680681} = {19805CEC-7C7D-48D6-A8E3-458B65314AE5}
		{AF76ECC0-2CA5-4CFF-9E1E-FF5478C4B6E4} = {19805CEC-7C7D-48D6-A8E3-458B65314AE5}
		{3949790D-8591-4101-9E4D-CE7A758E7409} = {19805CEC-7C7D-48D6-A8E3-458B65314AE5}
		{6F2452F5-BF16-4577-9C5A-85C8D7B5289D} = {C559E90E-3B03-42CD-9B4C-6935B6986644}
		{02A5F706-A9AC-46BE-A428-EA6F990D8E21} = {C559E90E-3B03-42CD-9B4C-6935B6986644}
		{9B109B9C-4B72-4BDB-B531-627D7E93011E} = {19805CEC-7C7D-48D6-A8E3-458B65314AE5}
		{E156F18D-D41C-4529-9BCC-9962E6EE25DA} = {19805CEC-7C7D-48D6-A8E3-458B65314AE5}
		{23D37453-2D4E-4BD8-B40F-3E731FEE7712} = {19805CEC-7C7D-48D6-A8E3-458B65314AE5}
		{C461823B-E5CA-4AB1-91A6-8DE8A4AEB157} = {C559E90E-3B03-42CD-9B4C-6935B6986644}
	EndGlobalSection
EndGlobal
