
Microsoft Visual Studio Solution File, Format Version 11.00
# Visual Studio 2010
Project("{FAE04EC0-301F-11D3-BF4B-00C04F79EFBC}") = "Blueprints", "Blueprints\Blueprints.csproj", "{47FA1E7C-8C47-493D-A371-91A15D53BC95}"
EndProject
Project("{FAE04EC0-301F-11D3-BF4B-00C04F79EFBC}") = "UnitTests", "UnitTests\UnitTests.csproj", "{CD29E0E7-554A-4FE6-9FE5-8867B8EAFAD8}"
EndProject
Project("{FAE04EC0-301F-11D3-BF4B-00C04F79EFBC}") = "GenericGraph", "GenericGraph\GenericGraph.csproj", "{A7459A23-F558-4B14-B6AB-4E44E3287758}"
EndProject
Project("{FAE04EC0-301F-11D3-BF4B-00C04F79EFBC}") = "PropertyGraphs", "PropertyGraphs\PropertyGraphs.csproj", "{562AC94F-60EA-4911-8C62-684F02867783}"
EndProject
Global
	GlobalSection(SolutionConfigurationPlatforms) = preSolution
		Debug|Any CPU = Debug|Any CPU
		Debug|Mixed Platforms = Debug|Mixed Platforms
		Debug|x86 = Debug|x86
		Release|Any CPU = Release|Any CPU
		Release|Mixed Platforms = Release|Mixed Platforms
		Release|x86 = Release|x86
	EndGlobalSection
	GlobalSection(ProjectConfigurationPlatforms) = postSolution
		{47FA1E7C-8C47-493D-A371-91A15D53BC95}.Debug|Any CPU.ActiveCfg = Debug|Any CPU
		{47FA1E7C-8C47-493D-A371-91A15D53BC95}.Debug|Any CPU.Build.0 = Debug|Any CPU
		{47FA1E7C-8C47-493D-A371-91A15D53BC95}.Debug|Mixed Platforms.ActiveCfg = Debug|Any CPU
		{47FA1E7C-8C47-493D-A371-91A15D53BC95}.Debug|Mixed Platforms.Build.0 = Debug|Any CPU
		{47FA1E7C-8C47-493D-A371-91A15D53BC95}.Debug|x86.ActiveCfg = Debug|Any CPU
		{47FA1E7C-8C47-493D-A371-91A15D53BC95}.Debug|x86.Build.0 = Debug|Any CPU
		{47FA1E7C-8C47-493D-A371-91A15D53BC95}.Release|Any CPU.ActiveCfg = Release|Any CPU
		{47FA1E7C-8C47-493D-A371-91A15D53BC95}.Release|Any CPU.Build.0 = Release|Any CPU
		{47FA1E7C-8C47-493D-A371-91A15D53BC95}.Release|Mixed Platforms.ActiveCfg = Release|Any CPU
		{47FA1E7C-8C47-493D-A371-91A15D53BC95}.Release|Mixed Platforms.Build.0 = Release|Any CPU
		{47FA1E7C-8C47-493D-A371-91A15D53BC95}.Release|x86.ActiveCfg = Release|Any CPU
		{47FA1E7C-8C47-493D-A371-91A15D53BC95}.Release|x86.Build.0 = Release|Any CPU
		{CD29E0E7-554A-4FE6-9FE5-8867B8EAFAD8}.Debug|Any CPU.ActiveCfg = Debug|Any CPU
		{CD29E0E7-554A-4FE6-9FE5-8867B8EAFAD8}.Debug|Any CPU.Build.0 = Debug|Any CPU
		{CD29E0E7-554A-4FE6-9FE5-8867B8EAFAD8}.Debug|Mixed Platforms.ActiveCfg = Debug|Any CPU
		{CD29E0E7-554A-4FE6-9FE5-8867B8EAFAD8}.Debug|Mixed Platforms.Build.0 = Debug|Any CPU
		{CD29E0E7-554A-4FE6-9FE5-8867B8EAFAD8}.Debug|x86.ActiveCfg = Debug|Any CPU
		{CD29E0E7-554A-4FE6-9FE5-8867B8EAFAD8}.Debug|x86.Build.0 = Debug|Any CPU
		{CD29E0E7-554A-4FE6-9FE5-8867B8EAFAD8}.Release|Any CPU.ActiveCfg = Release|Any CPU
		{CD29E0E7-554A-4FE6-9FE5-8867B8EAFAD8}.Release|Any CPU.Build.0 = Release|Any CPU
		{CD29E0E7-554A-4FE6-9FE5-8867B8EAFAD8}.Release|Mixed Platforms.ActiveCfg = Release|Any CPU
		{CD29E0E7-554A-4FE6-9FE5-8867B8EAFAD8}.Release|Mixed Platforms.Build.0 = Release|Any CPU
		{CD29E0E7-554A-4FE6-9FE5-8867B8EAFAD8}.Release|x86.ActiveCfg = Release|Any CPU
		{CD29E0E7-554A-4FE6-9FE5-8867B8EAFAD8}.Release|x86.Build.0 = Release|Any CPU
		{A7459A23-F558-4B14-B6AB-4E44E3287758}.Debug|Any CPU.ActiveCfg = Debug|Any CPU
		{A7459A23-F558-4B14-B6AB-4E44E3287758}.Debug|Any CPU.Build.0 = Debug|Any CPU
		{A7459A23-F558-4B14-B6AB-4E44E3287758}.Debug|Mixed Platforms.ActiveCfg = Debug|Any CPU
		{A7459A23-F558-4B14-B6AB-4E44E3287758}.Debug|Mixed Platforms.Build.0 = Debug|Any CPU
		{A7459A23-F558-4B14-B6AB-4E44E3287758}.Debug|x86.ActiveCfg = Debug|Any CPU
		{A7459A23-F558-4B14-B6AB-4E44E3287758}.Release|Any CPU.ActiveCfg = Release|Any CPU
		{A7459A23-F558-4B14-B6AB-4E44E3287758}.Release|Any CPU.Build.0 = Release|Any CPU
		{A7459A23-F558-4B14-B6AB-4E44E3287758}.Release|Mixed Platforms.ActiveCfg = Release|Any CPU
		{A7459A23-F558-4B14-B6AB-4E44E3287758}.Release|Mixed Platforms.Build.0 = Release|Any CPU
		{A7459A23-F558-4B14-B6AB-4E44E3287758}.Release|x86.ActiveCfg = Release|Any CPU
		{562AC94F-60EA-4911-8C62-684F02867783}.Debug|Any CPU.ActiveCfg = Debug|Any CPU
		{562AC94F-60EA-4911-8C62-684F02867783}.Debug|Any CPU.Build.0 = Debug|Any CPU
		{562AC94F-60EA-4911-8C62-684F02867783}.Debug|Mixed Platforms.ActiveCfg = Debug|Any CPU
		{562AC94F-60EA-4911-8C62-684F02867783}.Debug|Mixed Platforms.Build.0 = Debug|Any CPU
		{562AC94F-60EA-4911-8C62-684F02867783}.Debug|x86.ActiveCfg = Debug|Any CPU
		{562AC94F-60EA-4911-8C62-684F02867783}.Release|Any CPU.ActiveCfg = Release|Any CPU
		{562AC94F-60EA-4911-8C62-684F02867783}.Release|Any CPU.Build.0 = Release|Any CPU
		{562AC94F-60EA-4911-8C62-684F02867783}.Release|Mixed Platforms.ActiveCfg = Release|Any CPU
		{562AC94F-60EA-4911-8C62-684F02867783}.Release|Mixed Platforms.Build.0 = Release|Any CPU
		{562AC94F-60EA-4911-8C62-684F02867783}.Release|x86.ActiveCfg = Release|Any CPU
	EndGlobalSection
	GlobalSection(SolutionProperties) = preSolution
		HideSolutionNode = FALSE
	EndGlobalSection
EndGlobal
