
Microsoft Visual Studio Solution File, Format Version 11.00
# Visual Studio 2010
Project("{FAE04EC0-301F-11D3-BF4B-00C04F79EFBC}") = "Blueprints.SL", "Blueprints\Blueprints.SL.csproj", "{C907FBA5-7DE0-4244-9872-806FCFF97175}"
EndProject
Project("{FAE04EC0-301F-11D3-BF4B-00C04F79EFBC}") = "PropertyGraphs.SL", "PropertyGraphs\PropertyGraphs.SL.csproj", "{5D45EC93-0E79-4F4B-94C6-F5F5A38B99A0}"
EndProject
Global
	GlobalSection(SolutionConfigurationPlatforms) = preSolution
		Debug|Any CPU = Debug|Any CPU
		Release|Any CPU = Release|Any CPU
	EndGlobalSection
	GlobalSection(ProjectConfigurationPlatforms) = postSolution
		{C907FBA5-7DE0-4244-9872-806FCFF97175}.Debug|Any CPU.ActiveCfg = Debug|Any CPU
		{C907FBA5-7DE0-4244-9872-806FCFF97175}.Debug|Any CPU.Build.0 = Debug|Any CPU
		{C907FBA5-7DE0-4244-9872-806FCFF97175}.Release|Any CPU.ActiveCfg = Release|Any CPU
		{C907FBA5-7DE0-4244-9872-806FCFF97175}.Release|Any CPU.Build.0 = Release|Any CPU
		{5D45EC93-0E79-4F4B-94C6-F5F5A38B99A0}.Debug|Any CPU.ActiveCfg = Debug|Any CPU
		{5D45EC93-0E79-4F4B-94C6-F5F5A38B99A0}.Debug|Any CPU.Build.0 = Debug|Any CPU
		{5D45EC93-0E79-4F4B-94C6-F5F5A38B99A0}.Release|Any CPU.ActiveCfg = Release|Any CPU
		{5D45EC93-0E79-4F4B-94C6-F5F5A38B99A0}.Release|Any CPU.Build.0 = Release|Any CPU
	EndGlobalSection
	GlobalSection(SolutionProperties) = preSolution
		HideSolutionNode = FALSE
	EndGlobalSection
EndGlobal
