
Microsoft Visual Studio Solution File, Format Version 11.00
# Visual Studio 2010
Project("{FAE04EC0-301F-11D3-BF4B-00C04F79EFBC}") = "Blueprints", "Blueprints\Blueprints.csproj", "{47FA1E7C-8C47-493D-A371-91A15D53BC95}"
EndProject
Project("{FAE04EC0-301F-11D3-BF4B-00C04F79EFBC}") = "PropertyGraphs", "PropertyGraphs\PropertyGraphs.csproj", "{562AC94F-60EA-4911-8C62-684F02867783}"
EndProject
Project("{2150E333-8FDC-42A3-9474-1A3956D46DE8}") = "Dependencies", "Dependencies", "{19805CEC-7C7D-48D6-A8E3-458B65314AE5}"
EndProject
Project("{FAE04EC0-301F-11D3-BF4B-00C04F79EFBC}") = "Commons", "..\Illias\Commons\Commons.csproj", "{16C85DF8-5DE6-4A9F-9FC7-7CA5B0440DF3}"
EndProject
Project("{FAE04EC0-301F-11D3-BF4B-00C04F79EFBC}") = "Hermod", "..\Hermod\Hermod\Hermod.csproj", "{477EFD16-3627-4473-957D-44CA9A9DFB79}"
EndProject
Project("{FAE04EC0-301F-11D3-BF4B-00C04F79EFBC}") = "BlueprintsTests", "BlueprintsTests\BlueprintsTests.csproj", "{7F4CE297-4A42-47A8-9A0A-74BA46B09891}"
EndProject
Project("{FAE04EC0-301F-11D3-BF4B-00C04F79EFBC}") = "BlueprintsServer", "BlueprintsServer\BlueprintsServer.csproj", "{DC46B5EF-ECC5-465E-B1C4-85596343A03F}"
EndProject
Project("{FAE04EC0-301F-11D3-BF4B-00C04F79EFBC}") = "BlueprintsClient", "BlueprintsClient\BlueprintsClient.csproj", "{EB31E37B-FA75-44FD-9528-171C9E7C3C37}"
EndProject
Project("{FAE04EC0-301F-11D3-BF4B-00C04F79EFBC}") = "Eunomia", "..\Eunomia\Eunomia\Eunomia.csproj", "{1DF1A588-33B1-4168-9487-604FE5680681}"
EndProject
Project("{2150E333-8FDC-42A3-9474-1A3956D46DE8}") = "UnitTests", "UnitTests", "{AED2B727-346E-4AC9-B365-AF40F0E2830A}"
EndProject
Project("{FAE04EC0-301F-11D3-BF4B-00C04F79EFBC}") = "CommonsTests", "..\Illias\CommonsTests\CommonsTests.csproj", "{02A5F706-A9AC-46BE-A428-EA6F990D8E21}"
EndProject
Project("{FAE04EC0-301F-11D3-BF4B-00C04F79EFBC}") = "Jurassic", "..\libs\Jurassic\Jurassic\Jurassic.csproj", "{9B109B9C-4B72-4BDB-B531-627D7E93011E}"
EndProject
Global
	GlobalSection(SolutionConfigurationPlatforms) = preSolution
		Debug|Any CPU = Debug|Any CPU
		Debug|Mixed Platforms = Debug|Mixed Platforms
		Debug|x86 = Debug|x86
		Release|Any CPU = Release|Any CPU
		Release|Mixed Platforms = Release|Mixed Platforms
		Release|x86 = Release|x86
	EndGlobalSection
	GlobalSection(ProjectConfigurationPlatforms) = postSolution
		{47FA1E7C-8C47-493D-A371-91A15D53BC95}.Debug|Any CPU.ActiveCfg = Debug|Any CPU
		{47FA1E7C-8C47-493D-A371-91A15D53BC95}.Debug|Any CPU.Build.0 = Debug|Any CPU
		{47FA1E7C-8C47-493D-A371-91A15D53BC95}.Debug|Mixed Platforms.ActiveCfg = Debug|Any CPU
		{47FA1E7C-8C47-493D-A371-91A15D53BC95}.Debug|Mixed Platforms.Build.0 = Debug|Any CPU
		{47FA1E7C-8C47-493D-A371-91A15D53BC95}.Debug|x86.ActiveCfg = Debug|Any CPU
		{47FA1E7C-8C47-493D-A371-91A15D53BC95}.Debug|x86.Build.0 = Debug|Any CPU
		{47FA1E7C-8C47-493D-A371-91A15D53BC95}.Release|Any CPU.ActiveCfg = Release|Any CPU
		{47FA1E7C-8C47-493D-A371-91A15D53BC95}.Release|Any CPU.Build.0 = Release|Any CPU
		{47FA1E7C-8C47-493D-A371-91A15D53BC95}.Release|Mixed Platforms.ActiveCfg = Release|Any CPU
		{47FA1E7C-8C47-493D-A371-91A15D53BC95}.Release|Mixed Platforms.Build.0 = Release|Any CPU
		{47FA1E7C-8C47-493D-A371-91A15D53BC95}.Release|x86.ActiveCfg = Release|Any CPU
		{47FA1E7C-8C47-493D-A371-91A15D53BC95}.Release|x86.Build.0 = Release|Any CPU
		{562AC94F-60EA-4911-8C62-684F02867783}.Debug|Any CPU.ActiveCfg = Debug|Any CPU
		{562AC94F-60EA-4911-8C62-684F02867783}.Debug|Any CPU.Build.0 = Debug|Any CPU
		{562AC94F-60EA-4911-8C62-684F02867783}.Debug|Mixed Platforms.ActiveCfg = Debug|Any CPU
		{562AC94F-60EA-4911-8C62-684F02867783}.Debug|Mixed Platforms.Build.0 = Debug|Any CPU
		{562AC94F-60EA-4911-8C62-684F02867783}.Debug|x86.ActiveCfg = Debug|Any CPU
		{562AC94F-60EA-4911-8C62-684F02867783}.Release|Any CPU.ActiveCfg = Release|Any CPU
		{562AC94F-60EA-4911-8C62-684F02867783}.Release|Any CPU.Build.0 = Release|Any CPU
		{562AC94F-60EA-4911-8C62-684F02867783}.Release|Mixed Platforms.ActiveCfg = Release|Any CPU
		{562AC94F-60EA-4911-8C62-684F02867783}.Release|Mixed Platforms.Build.0 = Release|Any CPU
		{562AC94F-60EA-4911-8C62-684F02867783}.Release|x86.ActiveCfg = Release|Any CPU
		{16C85DF8-5DE6-4A9F-9FC7-7CA5B0440DF3}.Debug|Any CPU.ActiveCfg = Debug|Any CPU
		{16C85DF8-5DE6-4A9F-9FC7-7CA5B0440DF3}.Debug|Any CPU.Build.0 = Debug|Any CPU
		{16C85DF8-5DE6-4A9F-9FC7-7CA5B0440DF3}.Debug|Mixed Platforms.ActiveCfg = Debug|Any CPU
		{16C85DF8-5DE6-4A9F-9FC7-7CA5B0440DF3}.Debug|Mixed Platforms.Build.0 = Debug|Any CPU
		{16C85DF8-5DE6-4A9F-9FC7-7CA5B0440DF3}.Debug|x86.ActiveCfg = Debug|Any CPU
		{16C85DF8-5DE6-4A9F-9FC7-7CA5B0440DF3}.Release|Any CPU.ActiveCfg = Release|Any CPU
		{16C85DF8-5DE6-4A9F-9FC7-7CA5B0440DF3}.Release|Any CPU.Build.0 = Release|Any CPU
		{16C85DF8-5DE6-4A9F-9FC7-7CA5B0440DF3}.Release|Mixed Platforms.ActiveCfg = Release|Any CPU
		{16C85DF8-5DE6-4A9F-9FC7-7CA5B0440DF3}.Release|Mixed Platforms.Build.0 = Release|Any CPU
		{16C85DF8-5DE6-4A9F-9FC7-7CA5B0440DF3}.Release|x86.ActiveCfg = Release|Any CPU
		{477EFD16-3627-4473-957D-44CA9A9DFB79}.Debug|Any CPU.ActiveCfg = Debug|Any CPU
		{477EFD16-3627-4473-957D-44CA9A9DFB79}.Debug|Any CPU.Build.0 = Debug|Any CPU
		{477EFD16-3627-4473-957D-44CA9A9DFB79}.Debug|Mixed Platforms.ActiveCfg = Debug|Any CPU
		{477EFD16-3627-4473-957D-44CA9A9DFB79}.Debug|Mixed Platforms.Build.0 = Debug|Any CPU
		{477EFD16-3627-4473-957D-44CA9A9DFB79}.Debug|x86.ActiveCfg = Debug|Any CPU
		{477EFD16-3627-4473-957D-44CA9A9DFB79}.Release|Any CPU.ActiveCfg = Release|Any CPU
		{477EFD16-3627-4473-957D-44CA9A9DFB79}.Release|Any CPU.Build.0 = Release|Any CPU
		{477EFD16-3627-4473-957D-44CA9A9DFB79}.Release|Mixed Platforms.ActiveCfg = Release|Any CPU
		{477EFD16-3627-4473-957D-44CA9A9DFB79}.Release|Mixed Platforms.Build.0 = Release|Any CPU
		{477EFD16-3627-4473-957D-44CA9A9DFB79}.Release|x86.ActiveCfg = Release|Any CPU
		{7F4CE297-4A42-47A8-9A0A-74BA46B09891}.Debug|Any CPU.ActiveCfg = Debug|Any CPU
		{7F4CE297-4A42-47A8-9A0A-74BA46B09891}.Debug|Any CPU.Build.0 = Debug|Any CPU
		{7F4CE297-4A42-47A8-9A0A-74BA46B09891}.Debug|Mixed Platforms.ActiveCfg = Debug|Any CPU
		{7F4CE297-4A42-47A8-9A0A-74BA46B09891}.Debug|Mixed Platforms.Build.0 = Debug|Any CPU
		{7F4CE297-4A42-47A8-9A0A-74BA46B09891}.Debug|x86.ActiveCfg = Debug|Any CPU
		{7F4CE297-4A42-47A8-9A0A-74BA46B09891}.Release|Any CPU.ActiveCfg = Release|Any CPU
		{7F4CE297-4A42-47A8-9A0A-74BA46B09891}.Release|Any CPU.Build.0 = Release|Any CPU
		{7F4CE297-4A42-47A8-9A0A-74BA46B09891}.Release|Mixed Platforms.ActiveCfg = Release|Any CPU
		{7F4CE297-4A42-47A8-9A0A-74BA46B09891}.Release|Mixed Platforms.Build.0 = Release|Any CPU
		{7F4CE297-4A42-47A8-9A0A-74BA46B09891}.Release|x86.ActiveCfg = Release|Any CPU
		{DC46B5EF-ECC5-465E-B1C4-85596343A03F}.Debug|Any CPU.ActiveCfg = Debug|Any CPU
		{DC46B5EF-ECC5-465E-B1C4-85596343A03F}.Debug|Any CPU.Build.0 = Debug|Any CPU
		{DC46B5EF-ECC5-465E-B1C4-85596343A03F}.Debug|Mixed Platforms.ActiveCfg = Debug|Any CPU
		{DC46B5EF-ECC5-465E-B1C4-85596343A03F}.Debug|Mixed Platforms.Build.0 = Debug|Any CPU
		{DC46B5EF-ECC5-465E-B1C4-85596343A03F}.Debug|x86.ActiveCfg = Debug|Any CPU
		{DC46B5EF-ECC5-465E-B1C4-85596343A03F}.Release|Any CPU.ActiveCfg = Release|Any CPU
		{DC46B5EF-ECC5-465E-B1C4-85596343A03F}.Release|Any CPU.Build.0 = Release|Any CPU
		{DC46B5EF-ECC5-465E-B1C4-85596343A03F}.Release|Mixed Platforms.ActiveCfg = Release|Any CPU
		{DC46B5EF-ECC5-465E-B1C4-85596343A03F}.Release|Mixed Platforms.Build.0 = Release|Any CPU
		{DC46B5EF-ECC5-465E-B1C4-85596343A03F}.Release|x86.ActiveCfg = Release|Any CPU
		{EB31E37B-FA75-44FD-9528-171C9E7C3C37}.Debug|Any CPU.ActiveCfg = Debug|Any CPU
		{EB31E37B-FA75-44FD-9528-171C9E7C3C37}.Debug|Any CPU.Build.0 = Debug|Any CPU
		{EB31E37B-FA75-44FD-9528-171C9E7C3C37}.Debug|Mixed Platforms.ActiveCfg = Debug|Any CPU
		{EB31E37B-FA75-44FD-9528-171C9E7C3C37}.Debug|Mixed Platforms.Build.0 = Debug|Any CPU
		{EB31E37B-FA75-44FD-9528-171C9E7C3C37}.Debug|x86.ActiveCfg = Debug|Any CPU
		{EB31E37B-FA75-44FD-9528-171C9E7C3C37}.Release|Any CPU.ActiveCfg = Release|Any CPU
		{EB31E37B-FA75-44FD-9528-171C9E7C3C37}.Release|Any CPU.Build.0 = Release|Any CPU
		{EB31E37B-FA75-44FD-9528-171C9E7C3C37}.Release|Mixed Platforms.ActiveCfg = Release|Any CPU
		{EB31E37B-FA75-44FD-9528-171C9E7C3C37}.Release|Mixed Platforms.Build.0 = Release|Any CPU
		{EB31E37B-FA75-44FD-9528-171C9E7C3C37}.Release|x86.ActiveCfg = Release|Any CPU
		{1DF1A588-33B1-4168-9487-604FE5680681}.Debug|Any CPU.ActiveCfg = Debug|Any CPU
		{1DF1A588-33B1-4168-9487-604FE5680681}.Debug|Any CPU.Build.0 = Debug|Any CPU
		{1DF1A588-33B1-4168-9487-604FE5680681}.Debug|Mixed Platforms.ActiveCfg = Debug|Any CPU
		{1DF1A588-33B1-4168-9487-604FE5680681}.Debug|Mixed Platforms.Build.0 = Debug|Any CPU
		{1DF1A588-33B1-4168-9487-604FE5680681}.Debug|x86.ActiveCfg = Debug|Any CPU
		{1DF1A588-33B1-4168-9487-604FE5680681}.Release|Any CPU.ActiveCfg = Release|Any CPU
		{1DF1A588-33B1-4168-9487-604FE5680681}.Release|Any CPU.Build.0 = Release|Any CPU
		{1DF1A588-33B1-4168-9487-604FE5680681}.Release|Mixed Platforms.ActiveCfg = Release|Any CPU
		{1DF1A588-33B1-4168-9487-604FE5680681}.Release|Mixed Platforms.Build.0 = Release|Any CPU
		{1DF1A588-33B1-4168-9487-604FE5680681}.Release|x86.ActiveCfg = Release|Any CPU
		{02A5F706-A9AC-46BE-A428-EA6F990D8E21}.Debug|Any CPU.ActiveCfg = Debug|Any CPU
		{02A5F706-A9AC-46BE-A428-EA6F990D8E21}.Debug|Any CPU.Build.0 = Debug|Any CPU
		{02A5F706-A9AC-46BE-A428-EA6F990D8E21}.Debug|Mixed Platforms.ActiveCfg = Debug|Any CPU
		{02A5F706-A9AC-46BE-A428-EA6F990D8E21}.Debug|Mixed Platforms.Build.0 = Debug|Any CPU
		{02A5F706-A9AC-46BE-A428-EA6F990D8E21}.Debug|x86.ActiveCfg = Debug|Any CPU
		{02A5F706-A9AC-46BE-A428-EA6F990D8E21}.Release|Any CPU.ActiveCfg = Release|Any CPU
		{02A5F706-A9AC-46BE-A428-EA6F990D8E21}.Release|Any CPU.Build.0 = Release|Any CPU
		{02A5F706-A9AC-46BE-A428-EA6F990D8E21}.Release|Mixed Platforms.ActiveCfg = Release|Any CPU
		{02A5F706-A9AC-46BE-A428-EA6F990D8E21}.Release|Mixed Platforms.Build.0 = Release|Any CPU
		{02A5F706-A9AC-46BE-A428-EA6F990D8E21}.Release|x86.ActiveCfg = Release|Any CPU
		{9B109B9C-4B72-4BDB-B531-627D7E93011E}.Debug|Any CPU.ActiveCfg = Debug|Any CPU
		{9B109B9C-4B72-4BDB-B531-627D7E93011E}.Debug|Any CPU.Build.0 = Debug|Any CPU
		{9B109B9C-4B72-4BDB-B531-627D7E93011E}.Debug|Mixed Platforms.ActiveCfg = Debug|Any CPU
		{9B109B9C-4B72-4BDB-B531-627D7E93011E}.Debug|Mixed Platforms.Build.0 = Debug|Any CPU
		{9B109B9C-4B72-4BDB-B531-627D7E93011E}.Debug|x86.ActiveCfg = Debug|Any CPU
		{9B109B9C-4B72-4BDB-B531-627D7E93011E}.Release|Any CPU.ActiveCfg = Release|Any CPU
		{9B109B9C-4B72-4BDB-B531-627D7E93011E}.Release|Any CPU.Build.0 = Release|Any CPU
		{9B109B9C-4B72-4BDB-B531-627D7E93011E}.Release|Mixed Platforms.ActiveCfg = Release|Any CPU
		{9B109B9C-4B72-4BDB-B531-627D7E93011E}.Release|Mixed Platforms.Build.0 = Release|Any CPU
		{9B109B9C-4B72-4BDB-B531-627D7E93011E}.Release|x86.ActiveCfg = Release|Any CPU
	EndGlobalSection
	GlobalSection(SolutionProperties) = preSolution
		HideSolutionNode = FALSE
	EndGlobalSection
	GlobalSection(NestedProjects) = preSolution
		{16C85DF8-5DE6-4A9F-9FC7-7CA5B0440DF3} = {19805CEC-7C7D-48D6-A8E3-458B65314AE5}
		{477EFD16-3627-4473-957D-44CA9A9DFB79} = {19805CEC-7C7D-48D6-A8E3-458B65314AE5}
		{1DF1A588-33B1-4168-9487-604FE5680681} = {19805CEC-7C7D-48D6-A8E3-458B65314AE5}
		{9B109B9C-4B72-4BDB-B531-627D7E93011E} = {19805CEC-7C7D-48D6-A8E3-458B65314AE5}
		{02A5F706-A9AC-46BE-A428-EA6F990D8E21} = {AED2B727-346E-4AC9-B365-AF40F0E2830A}
	EndGlobalSection
EndGlobal
